{
  "name": "skylark-ajaxfy-router",
  "version": "0.9.6-beta",
  "lockfileVersion": 1,
  "requires": true,
  "dependencies": {
    "skylark-langx": {
      "version": "git+https://github.com/skylarklangx/skylark-langx.git#409b7ec759480a29a8b995fe18191b86a9dbcf4a",
      "from": "git+https://github.com/skylarklangx/skylark-langx.git#master"
    }
  }
}
